Microsoft Visual Studio Solution File, Format Version 11.00
# Visual Studio 2008

Project("{57176719-AE7B-7712-5908-DCBBCB2EF0B4}") = "LeapTherapy - Copy - Copy - Copy (2)", "Assembly-CSharp.csproj", "{BA342A8F-9F6C-E8B5-D94D-59A40E56C9A4}"
EndProject
Project("{57176719-AE7B-7712-5908-DCBBCB2EF0B4}") = "LeapTherapy - Copy - Copy - Copy (2)", "Assembly-CSharp-Editor.csproj", "{12602643-CF3E-271A-9141-F354C46D030F}"
EndProject
Project("{57176719-AE7B-7712-5908-DCBBCB2EF0B4}") = "LeapTherapy - Copy - Copy - Copy (2)", "Assembly-UnityScript.unityproj", "{922634AB-3838-0177-A63D-74BEEE6CD8BA}"
EndProject
Project("{57176719-AE7B-7712-5908-DCBBCB2EF0B4}") = "LeapTherapy - Copy - Copy - Copy (2)", "Assembly-UnityScript-Editor.unityproj", "{17ED0143-2791-CF2C-C822-C8BDCFAE52CD}"
EndProject
Global
	GlobalSection(SolutionConfigurationPlatforms) = preSolution
		Debug|Any CPU = Debug|Any CPU
		Release|Any CPU = Release|Any CPU
	EndGlobalSection
	GlobalSection(ProjectConfigurationPlatforms) = postSolution
		{BA342A8F-9F6C-E8B5-D94D-59A40E56C9A4}.Debug|Any CPU.ActiveCfg = Debug|Any CPU
		{BA342A8F-9F6C-E8B5-D94D-59A40E56C9A4}.Debug|Any CPU.Build.0 = Debug|Any CPU
		{BA342A8F-9F6C-E8B5-D94D-59A40E56C9A4}.Release|Any CPU.ActiveCfg = Release|Any CPU
		{BA342A8F-9F6C-E8B5-D94D-59A40E56C9A4}.Release|Any CPU.Build.0 = Release|Any CPU
		{12602643-CF3E-271A-9141-F354C46D030F}.Debug|Any CPU.ActiveCfg = Debug|Any CPU
		{12602643-CF3E-271A-9141-F354C46D030F}.Debug|Any CPU.Build.0 = Debug|Any CPU
		{12602643-CF3E-271A-9141-F354C46D030F}.Release|Any CPU.ActiveCfg = Release|Any CPU
		{12602643-CF3E-271A-9141-F354C46D030F}.Release|Any CPU.Build.0 = Release|Any CPU
		{922634AB-3838-0177-A63D-74BEEE6CD8BA}.Debug|Any CPU.ActiveCfg = Debug|Any CPU
		{922634AB-3838-0177-A63D-74BEEE6CD8BA}.Debug|Any CPU.Build.0 = Debug|Any CPU
		{922634AB-3838-0177-A63D-74BEEE6CD8BA}.Release|Any CPU.ActiveCfg = Release|Any CPU
		{922634AB-3838-0177-A63D-74BEEE6CD8BA}.Release|Any CPU.Build.0 = Release|Any CPU
		{17ED0143-2791-CF2C-C822-C8BDCFAE52CD}.Debug|Any CPU.ActiveCfg = Debug|Any CPU
		{17ED0143-2791-CF2C-C822-C8BDCFAE52CD}.Debug|Any CPU.Build.0 = Debug|Any CPU
		{17ED0143-2791-CF2C-C822-C8BDCFAE52CD}.Release|Any CPU.ActiveCfg = Release|Any CPU
		{17ED0143-2791-CF2C-C822-C8BDCFAE52CD}.Release|Any CPU.Build.0 = Release|Any CPU
	EndGlobalSection
	GlobalSection(SolutionProperties) = preSolution
		HideSolutionNode = FALSE
	EndGlobalSection
																																																																						GlobalSection(MonoDevelopProperties) = preSolution
		StartupItem = Assembly-CSharp.csproj
		Policies = $0
		$0.TextStylePolicy = $1
		$1.inheritsSet = null
		$1.scope = text/x-csharp
		$0.CSharpFormattingPolicy = $2
		$2.inheritsSet = Mono
		$2.inheritsScope = text/x-csharp
		$2.scope = text/x-csharp
		$0.TextStylePolicy = $3
		$3.FileWidth = 120
		$3.TabWidth = 4
		$3.IndentWidth = 4
		$3.EolMarker = Unix
		$3.inheritsSet = Mono
		$3.inheritsScope = text/plain
		$3.scope = text/plain
	EndGlobalSection

EndGlobal
